
Microsoft Visual Studio Solution File, Format Version 12.00
# Visual Studio 15
VisualStudioVersion = 15.0.28307.1022
MinimumVisualStudioVersion = 10.0.40219.1
Project("{FAE04EC0-301F-11D3-BF4B-00C04F79EFBC}") = "Testing", "Testing\Testing.csproj", "{AD224717-1B76-49BF-9947-B0BA96D6CBA7}"
EndProject
Project("{FAE04EC0-301F-11D3-BF4B-00C04F79EFBC}") = "UnitTest", "UnitTest\UnitTest.csproj", "{3B2D1077-396F-4087-9FE5-967DBF936541}"
EndProject
Global
	GlobalSection(SolutionConfigurationPlatforms) = preSolution
		Debug|Any CPU = Debug|Any CPU
		Release|Any CPU = Release|Any CPU
	EndGlobalSection
	GlobalSection(ProjectConfigurationPlatforms) = postSolution
		{AD224717-1B76-49BF-9947-B0BA96D6CBA7}.Debug|Any CPU.ActiveCfg = Debug|Any CPU
		{AD224717-1B76-49BF-9947-B0BA96D6CBA7}.Debug|Any CPU.Build.0 = Debug|Any CPU
		{AD224717-1B76-49BF-9947-B0BA96D6CBA7}.Release|Any CPU.ActiveCfg = Release|Any CPU
		{AD224717-1B76-49BF-9947-B0BA96D6CBA7}.Release|Any CPU.Build.0 = Release|Any CPU
		{3B2D1077-396F-4087-9FE5-967DBF936541}.Debug|Any CPU.ActiveCfg = Debug|Any CPU
		{3B2D1077-396F-4087-9FE5-967DBF936541}.Debug|Any CPU.Build.0 = Debug|Any CPU
		{3B2D1077-396F-4087-9FE5-967DBF936541}.Release|Any CPU.ActiveCfg = Release|Any CPU
		{3B2D1077-396F-4087-9FE5-967DBF936541}.Release|Any CPU.Build.0 = Release|Any CPU
	EndGlobalSection
	GlobalSection(SolutionProperties) = preSolution
		HideSolutionNode = FALSE
	EndGlobalSection
	GlobalSection(ExtensibilityGlobals) = postSolution
		SolutionGuid = {C0BB41A8-5604-478F-91A8-41C3DC39832C}
	EndGlobalSection
EndGlobal
